
Microsoft Visual Studio Solution File, Format Version 12.00
# Visual Studio Version 17
VisualStudioVersion = 17.13.35828.75
MinimumVisualStudioVersion = 10.0.40219.1
Project("{FAE04EC0-301F-11D3-BF4B-00C04F79EFBC}") = "Proyecto final", "WindowsFormsApp1\Proyecto final.csproj", "{EB52AC3C-D713-4EB0-B450-8FE4812E1C6D}"
EndProject
Global
	GlobalSection(SolutionConfigurationPlatforms) = preSolution
		Debug|Any CPU = Debug|Any CPU
		Release|Any CPU = Release|Any CPU
	EndGlobalSection
	GlobalSection(ProjectConfigurationPlatforms) = postSolution
		{EB52AC3C-D713-4EB0-B450-8FE4812E1C6D}.Debug|Any CPU.ActiveCfg = Debug|Any CPU
		{EB52AC3C-D713-4EB0-B450-8FE4812E1C6D}.Debug|Any CPU.Build.0 = Debug|Any CPU
		{EB52AC3C-D713-4EB0-B450-8FE4812E1C6D}.Release|Any CPU.ActiveCfg = Release|Any CPU
		{EB52AC3C-D713-4EB0-B450-8FE4812E1C6D}.Release|Any CPU.Build.0 = Release|Any CPU
	EndGlobalSection
	GlobalSection(SolutionProperties) = preSolution
		HideSolutionNode = FALSE
	EndGlobalSection
	GlobalSection(ExtensibilityGlobals) = postSolution
		SolutionGuid = {E05C9B92-AE2E-41B6-A3A2-883495F3C53D}
	EndGlobalSection
EndGlobal
